{
  "name": "bigmountain",
  "version": "0.1.0",
  "lockfileVersion": 3,
  "requires": true,
  "packages": {
    "": {
      "name": "bigmountain",
      "version": "0.1.0",
      "workspaces": [
        "apps/web",
        "apps/admin",
        "services/api",
        "packages/shared"
      ],
      "engines": {
        "node": ">=20"
      }
    },
    "apps/admin": {
      "name": "@bigmountain/admin",
      "version": "0.1.0"
    },
    "apps/web": {
      "name": "@bigmountain/web",
      "version": "0.1.0"
    },
    "node_modules/@bigmountain/admin": {
      "resolved": "apps/admin",
      "link": true
    },
    "node_modules/@bigmountain/api": {
      "resolved": "services/api",
      "link": true
    },
    "node_modules/@bigmountain/shared": {
      "resolved": "packages/shared",
      "link": true
    },
    "node_modules/@bigmountain/web": {
      "resolved": "apps/web",
      "link": true
    },
    "packages/shared": {
      "name": "@bigmountain/shared",
      "version": "0.1.0"
    },
    "services/api": {
      "name": "@bigmountain/api",
      "version": "0.1.0"
    }
  }
}